# This file is automatically @generated by Poetry 2.0.0 and should not be changed by hand.

[[package]]
name = "pycups"
version = "2.0.4"
description = "Python bindings for libcups"
optional = false
python-versions = "*"
groups = ["main"]
markers = "sys_platform == \"darwin\" or sys_platform == \"linux\""
files = [
    {file = "pycups-2.0.4.tar.gz", hash = "sha256:843e385c1dbf694996ca84ef02a7f30c28376035588f5fbeacd6bae005cf7c8d"},
]

[[package]]
name = "pymupdf"
version = "1.25.1"
description = "A high performance Python library for data extraction, analysis, conversion & manipulation of PDF (and other) documents."
optional = false
python-versions = ">=3.9"
groups = ["main"]
files = [
    {file = "pymupdf-1.25.1-cp39-abi3-macosx_10_9_x86_64.whl", hash = "sha256:793f9f6d51029e97851c711b3f6d9fe912313d95a306fbe8b1866f301d0e2bd3"},
    {file = "pymupdf-1.25.1-cp39-abi3-macosx_11_0_arm64.whl", hash = "sha256:15e6f4013ad0a029a2221920f9d2081f56dc43259dabfdf5cad7fbf1cee4b5a7"},
    {file = "pymupdf-1.25.1-cp39-abi3-manylinux2014_aarch64.manylinux_2_17_aarch64.whl", hash = "sha256:a39afbd80381f43e30d6eb2ec4613f465f507ac2b76070abdd2da8724f32ef36"},
    {file = "pymupdf-1.25.1-cp39-abi3-manylinux2014_x86_64.manylinux_2_17_x86_64.whl", hash = "sha256:b63f8e9e65b0bda48f9217efd4d2a8c6d7a739dd28baf460c1ae78439b9af489"},
    {file = "pymupdf-1.25.1-cp39-abi3-musllinux_1_2_x86_64.whl", hash = "sha256:a687bd387589e30abd810a78a23341f57f43fa16a4d8d8c0b870bb6d89607343"},
    {file = "pymupdf-1.25.1-cp39-abi3-win32.whl", hash = "sha256:fc7dbc1aa9e298a4c81084e389c9623c26fcaa232c71efaa073af150069e2221"},
    {file = "pymupdf-1.25.1-cp39-abi3-win_amd64.whl", hash = "sha256:e2b0b73c0aab0f863e5132c93cfa4607e8129feb1afa3d544b2cf7f172c50b5a"},
    {file = "pymupdf-1.25.1.tar.gz", hash = "sha256:6725bec0f37c2380d926f792c262693c926af7cc1aa5aa2b8207e771867f015a"},
]

[[package]]
name = "pywin32"
version = "310"
description = "Python for Window Extensions"
optional = false
python-versions = "*"
groups = ["main"]
markers = "sys_platform == \"win32\""
files = [
    {file = "pywin32-310-cp310-cp310-win32.whl", hash = "sha256:6dd97011efc8bf51d6793a82292419eba2c71cf8e7250cfac03bba284454abc1"},
    {file = "pywin32-310-cp310-cp310-win_amd64.whl", hash = "sha256:c3e78706e4229b915a0821941a84e7ef420bf2b77e08c9dae3c76fd03fd2ae3d"},
    {file = "pywin32-310-cp310-cp310-win_arm64.whl", hash = "sha256:33babed0cf0c92a6f94cc6cc13546ab24ee13e3e800e61ed87609ab91e4c8213"},
    {file = "pywin32-310-cp311-cp311-win32.whl", hash = "sha256:1e765f9564e83011a63321bb9d27ec456a0ed90d3732c4b2e312b855365ed8bd"},
    {file = "pywin32-310-cp311-cp311-win_amd64.whl", hash = "sha256:126298077a9d7c95c53823934f000599f66ec9296b09167810eb24875f32689c"},
    {file = "pywin32-310-cp311-cp311-win_arm64.whl", hash = "sha256:19ec5fc9b1d51c4350be7bb00760ffce46e6c95eaf2f0b2f1150657b1a43c582"},
    {file = "pywin32-310-cp312-cp312-win32.whl", hash = "sha256:8a75a5cc3893e83a108c05d82198880704c44bbaee4d06e442e471d3c9ea4f3d"},
    {file = "pywin32-310-cp312-cp312-win_amd64.whl", hash = "sha256:bf5c397c9a9a19a6f62f3fb821fbf36cac08f03770056711f765ec1503972060"},
    {file = "pywin32-310-cp312-cp312-win_arm64.whl", hash = "sha256:2349cc906eae872d0663d4d6290d13b90621eaf78964bb1578632ff20e152966"},
    {file = "pywin32-310-cp313-cp313-win32.whl", hash = "sha256:5d241a659c496ada3253cd01cfaa779b048e90ce4b2b38cd44168ad555ce74ab"},
    {file = "pywin32-310-cp313-cp313-win_amd64.whl", hash = "sha256:667827eb3a90208ddbdcc9e860c81bde63a135710e21e4cb3348968e4bd5249e"},
    {file = "pywin32-310-cp313-cp313-win_arm64.whl", hash = "sha256:e308f831de771482b7cf692a1f308f8fca701b2d8f9dde6cc440c7da17e47b33"},
    {file = "pywin32-310-cp38-cp38-win32.whl", hash = "sha256:0867beb8addefa2e3979d4084352e4ac6e991ca45373390775f7084cc0209b9c"},
    {file = "pywin32-310-cp38-cp38-win_amd64.whl", hash = "sha256:30f0a9b3138fb5e07eb4973b7077e1883f558e40c578c6925acc7a94c34eaa36"},
    {file = "pywin32-310-cp39-cp39-win32.whl", hash = "sha256:851c8d927af0d879221e616ae1f66145253537bbdd321a77e8ef701b443a9a1a"},
    {file = "pywin32-310-cp39-cp39-win_amd64.whl", hash = "sha256:96867217335559ac619f00ad70e513c0fcf84b8a3af9fc2bba3b59b97da70475"},
]

[[package]]
name = "win32printing"
version = "0.1.3"
description = "Printing utils."
optional = false
python-versions = "*"
groups = ["main"]
markers = "sys_platform == \"win32\""
files = [
    {file = "win32printing-0.1.3.tar.gz", hash = "sha256:6690bd74b529d26f28d21bd6eabb892785352e5edbd29ddbed387ad27c3f7d12"},
]

[package.dependencies]
pywin32 = "*"

[metadata]
lock-version = "2.1"
python-versions = ">=3.10"
content-hash = "55a3bb6993688d093b43793ba2a4c4910faec664c6fa6cc5cd6c65a412c9e251"
