# This file is automatically @generated by Poetry 2.0.0 and should not be changed by hand.

[[package]]
name = "pycups"
version = "2.0.4"
description = "Python bindings for libcups"
optional = false
python-versions = "*"
groups = ["main"]
files = [
    {file = "pycups-2.0.4.tar.gz", hash = "sha256:843e385c1dbf694996ca84ef02a7f30c28376035588f5fbeacd6bae005cf7c8d"},
]

[[package]]
name = "pymupdf"
version = "1.25.1"
description = "A high performance Python library for data extraction, analysis, conversion & manipulation of PDF (and other) documents."
optional = false
python-versions = ">=3.9"
groups = ["main"]
files = [
    {file = "pymupdf-1.25.1-cp39-abi3-macosx_10_9_x86_64.whl", hash = "sha256:793f9f6d51029e97851c711b3f6d9fe912313d95a306fbe8b1866f301d0e2bd3"},
    {file = "pymupdf-1.25.1-cp39-abi3-macosx_11_0_arm64.whl", hash = "sha256:15e6f4013ad0a029a2221920f9d2081f56dc43259dabfdf5cad7fbf1cee4b5a7"},
    {file = "pymupdf-1.25.1-cp39-abi3-manylinux2014_aarch64.manylinux_2_17_aarch64.whl", hash = "sha256:a39afbd80381f43e30d6eb2ec4613f465f507ac2b76070abdd2da8724f32ef36"},
    {file = "pymupdf-1.25.1-cp39-abi3-manylinux2014_x86_64.manylinux_2_17_x86_64.whl", hash = "sha256:b63f8e9e65b0bda48f9217efd4d2a8c6d7a739dd28baf460c1ae78439b9af489"},
    {file = "pymupdf-1.25.1-cp39-abi3-musllinux_1_2_x86_64.whl", hash = "sha256:a687bd387589e30abd810a78a23341f57f43fa16a4d8d8c0b870bb6d89607343"},
    {file = "pymupdf-1.25.1-cp39-abi3-win32.whl", hash = "sha256:fc7dbc1aa9e298a4c81084e389c9623c26fcaa232c71efaa073af150069e2221"},
    {file = "pymupdf-1.25.1-cp39-abi3-win_amd64.whl", hash = "sha256:e2b0b73c0aab0f863e5132c93cfa4607e8129feb1afa3d544b2cf7f172c50b5a"},
    {file = "pymupdf-1.25.1.tar.gz", hash = "sha256:6725bec0f37c2380d926f792c262693c926af7cc1aa5aa2b8207e771867f015a"},
]

[metadata]
lock-version = "2.1"
python-versions = ">=3.10"
content-hash = "e3c02bd3f7da5990c23e82b4626651be6d67501cc92cf70fea27243dcacec29a"
